
Microsoft Visual Studio Solution File, Format Version 12.00
# Visual Studio 15
VisualStudioVersion = 15.0.28010.2046
MinimumVisualStudioVersion = 10.0.40219.1
Project("{FAE04EC0-301F-11D3-BF4B-00C04F79EFBC}") = "Kelompok29.Android", "Kelompok29\Kelompok29.Android\Kelompok29.Android.csproj", "{3FCD5446-4BB6-4C03-A789-A6C8CB933FFC}"
EndProject
Project("{FAE04EC0-301F-11D3-BF4B-00C04F79EFBC}") = "Kelompok29.iOS", "Kelompok29\Kelompok29.iOS\Kelompok29.iOS.csproj", "{29F28696-613C-4BCE-8F57-CCA12D427442}"
EndProject
Project("{FAE04EC0-301F-11D3-BF4B-00C04F79EFBC}") = "Kelompok29.UWP", "Kelompok29\Kelompok29.UWP\Kelompok29.UWP.csproj", "{D07B29F6-2CE5-452D-B5D6-910931E64E73}"
EndProject
Project("{FAE04EC0-301F-11D3-BF4B-00C04F79EFBC}") = "Kelompok29", "Kelompok29\Kelompok29\Kelompok29.csproj", "{EF44CC3B-8871-4C2F-A170-86EE119128C0}"
EndProject
Global
	GlobalSection(SolutionConfigurationPlatforms) = preSolution
		Ad-Hoc|Any CPU = Ad-Hoc|Any CPU
		Ad-Hoc|ARM = Ad-Hoc|ARM
		Ad-Hoc|iPhone = Ad-Hoc|iPhone
		Ad-Hoc|iPhoneSimulator = Ad-Hoc|iPhoneSimulator
		Ad-Hoc|x64 = Ad-Hoc|x64
		Ad-Hoc|x86 = Ad-Hoc|x86
		AppStore|Any CPU = AppStore|Any CPU
		AppStore|ARM = AppStore|ARM
		AppStore|iPhone = AppStore|iPhone
		AppStore|iPhoneSimulator = AppStore|iPhoneSimulator
		AppStore|x64 = AppStore|x64
		AppStore|x86 = AppStore|x86
		Debug|Any CPU = Debug|Any CPU
		Debug|ARM = Debug|ARM
		Debug|iPhone = Debug|iPhone
		Debug|iPhoneSimulator = Debug|iPhoneSimulator
		Debug|x64 = Debug|x64
		Debug|x86 = Debug|x86
		Release|Any CPU = Release|Any CPU
		Release|ARM = Release|ARM
		Release|iPhone = Release|iPhone
		Release|iPhoneSimulator = Release|iPhoneSimulator
		Release|x64 = Release|x64
		Release|x86 = Release|x86
	EndGlobalSection
	GlobalSection(ProjectConfigurationPlatforms) = postSolution
		{3FCD5446-4BB6-4C03-A789-A6C8CB933FFC}.Ad-Hoc|Any CPU.ActiveCfg = Release|Any CPU
		{3FCD5446-4BB6-4C03-A789-A6C8CB933FFC}.Ad-Hoc|Any CPU.Build.0 = Release|Any CPU
		{3FCD5446-4BB6-4C03-A789-A6C8CB933FFC}.Ad-Hoc|Any CPU.Deploy.0 = Release|Any CPU
		{3FCD5446-4BB6-4C03-A789-A6C8CB933FFC}.Ad-Hoc|ARM.ActiveCfg = Release|Any CPU
		{3FCD5446-4BB6-4C03-A789-A6C8CB933FFC}.Ad-Hoc|ARM.Build.0 = Release|Any CPU
		{3FCD5446-4BB6-4C03-A789-A6C8CB933FFC}.Ad-Hoc|ARM.Deploy.0 = Release|Any CPU
		{3FCD5446-4BB6-4C03-A789-A6C8CB933FFC}.Ad-Hoc|iPhone.ActiveCfg = Release|Any CPU
		{3FCD5446-4BB6-4C03-A789-A6C8CB933FFC}.Ad-Hoc|iPhone.Build.0 = Release|Any CPU
		{3FCD5446-4BB6-4C03-A789-A6C8CB933FFC}.Ad-Hoc|iPhone.Deploy.0 = Release|Any CPU
		{3FCD5446-4BB6-4C03-A789-A6C8CB933FFC}.Ad-Hoc|iPhoneSimulator.ActiveCfg = Release|Any CPU
		{3FCD5446-4BB6-4C03-A789-A6C8CB933FFC}.Ad-Hoc|iPhoneSimulator.Build.0 = Release|Any CPU
		{3FCD5446-4BB6-4C03-A789-A6C8CB933FFC}.Ad-Hoc|iPhoneSimulator.Deploy.0 = Release|Any CPU
		{3FCD5446-4BB6-4C03-A789-A6C8CB933FFC}.Ad-Hoc|x64.ActiveCfg = Release|Any CPU
		{3FCD5446-4BB6-4C03-A789-A6C8CB933FFC}.Ad-Hoc|x64.Build.0 = Release|Any CPU
		{3FCD5446-4BB6-4C03-A789-A6C8CB933FFC}.Ad-Hoc|x64.Deploy.0 = Release|Any CPU
		{3FCD5446-4BB6-4C03-A789-A6C8CB933FFC}.Ad-Hoc|x86.ActiveCfg = Release|Any CPU
		{3FCD5446-4BB6-4C03-A789-A6C8CB933FFC}.Ad-Hoc|x86.Build.0 = Release|Any CPU
		{3FCD5446-4BB6-4C03-A789-A6C8CB933FFC}.Ad-Hoc|x86.Deploy.0 = Release|Any CPU
		{3FCD5446-4BB6-4C03-A789-A6C8CB933FFC}.AppStore|Any CPU.ActiveCfg = Release|Any CPU
		{3FCD5446-4BB6-4C03-A789-A6C8CB933FFC}.AppStore|Any CPU.Build.0 = Release|Any CPU
		{3FCD5446-4BB6-4C03-A789-A6C8CB933FFC}.AppStore|Any CPU.Deploy.0 = Release|Any CPU
		{3FCD5446-4BB6-4C03-A789-A6C8CB933FFC}.AppStore|ARM.ActiveCfg = Release|Any CPU
		{3FCD5446-4BB6-4C03-A789-A6C8CB933FFC}.AppStore|ARM.Build.0 = Release|Any CPU
		{3FCD5446-4BB6-4C03-A789-A6C8CB933FFC}.AppStore|ARM.Deploy.0 = Release|Any CPU
		{3FCD5446-4BB6-4C03-A789-A6C8CB933FFC}.AppStore|iPhone.ActiveCfg = Release|Any CPU
		{3FCD5446-4BB6-4C03-A789-A6C8CB933FFC}.AppStore|iPhone.Build.0 = Release|Any CPU
		{3FCD5446-4BB6-4C03-A789-A6C8CB933FFC}.AppStore|iPhone.Deploy.0 = Release|Any CPU
		{3FCD5446-4BB6-4C03-A789-A6C8CB933FFC}.AppStore|iPhoneSimulator.ActiveCfg = Release|Any CPU
		{3FCD5446-4BB6-4C03-A789-A6C8CB933FFC}.AppStore|iPhoneSimulator.Build.0 = Release|Any CPU
		{3FCD5446-4BB6-4C03-A789-A6C8CB933FFC}.AppStore|iPhoneSimulator.Deploy.0 = Release|Any CPU
		{3FCD5446-4BB6-4C03-A789-A6C8CB933FFC}.AppStore|x64.ActiveCfg = Release|Any CPU
		{3FCD5446-4BB6-4C03-A789-A6C8CB933FFC}.AppStore|x64.Build.0 = Release|Any CPU
		{3FCD5446-4BB6-4C03-A789-A6C8CB933FFC}.AppStore|x64.Deploy.0 = Release|Any CPU
		{3FCD5446-4BB6-4C03-A789-A6C8CB933FFC}.AppStore|x86.ActiveCfg = Release|Any CPU
		{3FCD5446-4BB6-4C03-A789-A6C8CB933FFC}.AppStore|x86.Build.0 = Release|Any CPU
		{3FCD5446-4BB6-4C03-A789-A6C8CB933FFC}.AppStore|x86.Deploy.0 = Release|Any CPU
		{3FCD5446-4BB6-4C03-A789-A6C8CB933FFC}.Debug|Any CPU.ActiveCfg = Debug|Any CPU
		{3FCD5446-4BB6-4C03-A789-A6C8CB933FFC}.Debug|Any CPU.Build.0 = Debug|Any CPU
		{3FCD5446-4BB6-4C03-A789-A6C8CB933FFC}.Debug|Any CPU.Deploy.0 = Debug|Any CPU
		{3FCD5446-4BB6-4C03-A789-A6C8CB933FFC}.Debug|ARM.ActiveCfg = Debug|Any CPU
		{3FCD5446-4BB6-4C03-A789-A6C8CB933FFC}.Debug|ARM.Build.0 = Debug|Any CPU
		{3FCD5446-4BB6-4C03-A789-A6C8CB933FFC}.Debug|ARM.Deploy.0 = Debug|Any CPU
		{3FCD5446-4BB6-4C03-A789-A6C8CB933FFC}.Debug|iPhone.ActiveCfg = Debug|Any CPU
		{3FCD5446-4BB6-4C03-A789-A6C8CB933FFC}.Debug|iPhone.Build.0 = Debug|Any CPU
		{3FCD5446-4BB6-4C03-A789-A6C8CB933FFC}.Debug|iPhone.Deploy.0 = Debug|Any CPU
		{3FCD5446-4BB6-4C03-A789-A6C8CB933FFC}.Debug|iPhoneSimulator.ActiveCfg = Debug|Any CPU
		{3FCD5446-4BB6-4C03-A789-A6C8CB933FFC}.Debug|iPhoneSimulator.Build.0 = Debug|Any CPU
		{3FCD5446-4BB6-4C03-A789-A6C8CB933FFC}.Debug|iPhoneSimulator.Deploy.0 = Debug|Any CPU
		{3FCD5446-4BB6-4C03-A789-A6C8CB933FFC}.Debug|x64.ActiveCfg = Debug|Any CPU
		{3FCD5446-4BB6-4C03-A789-A6C8CB933FFC}.Debug|x64.Build.0 = Debug|Any CPU
		{3FCD5446-4BB6-4C03-A789-A6C8CB933FFC}.Debug|x64.Deploy.0 = Debug|Any CPU
		{3FCD5446-4BB6-4C03-A789-A6C8CB933FFC}.Debug|x86.ActiveCfg = Debug|Any CPU
		{3FCD5446-4BB6-4C03-A789-A6C8CB933FFC}.Debug|x86.Build.0 = Debug|Any CPU
		{3FCD5446-4BB6-4C03-A789-A6C8CB933FFC}.Debug|x86.Deploy.0 = Debug|Any CPU
		{3FCD5446-4BB6-4C03-A789-A6C8CB933FFC}.Release|Any CPU.ActiveCfg = Release|Any CPU
		{3FCD5446-4BB6-4C03-A789-A6C8CB933FFC}.Release|Any CPU.Build.0 = Release|Any CPU
		{3FCD5446-4BB6-4C03-A789-A6C8CB933FFC}.Release|Any CPU.Deploy.0 = Release|Any CPU
		{3FCD5446-4BB6-4C03-A789-A6C8CB933FFC}.Release|ARM.ActiveCfg = Release|Any CPU
		{3FCD5446-4BB6-4C03-A789-A6C8CB933FFC}.Release|ARM.Build.0 = Release|Any CPU
		{3FCD5446-4BB6-4C03-A789-A6C8CB933FFC}.Release|ARM.Deploy.0 = Release|Any CPU
		{3FCD5446-4BB6-4C03-A789-A6C8CB933FFC}.Release|iPhone.ActiveCfg = Release|Any CPU
		{3FCD5446-4BB6-4C03-A789-A6C8CB933FFC}.Release|iPhone.Build.0 = Release|Any CPU
		{3FCD5446-4BB6-4C03-A789-A6C8CB933FFC}.Release|iPhone.Deploy.0 = Release|Any CPU
		{3FCD5446-4BB6-4C03-A789-A6C8CB933FFC}.Release|iPhoneSimulator.ActiveCfg = Release|Any CPU
		{3FCD5446-4BB6-4C03-A789-A6C8CB933FFC}.Release|iPhoneSimulator.Build.0 = Release|Any CPU
		{3FCD5446-4BB6-4C03-A789-A6C8CB933FFC}.Release|iPhoneSimulator.Deploy.0 = Release|Any CPU
		{3FCD5446-4BB6-4C03-A789-A6C8CB933FFC}.Release|x64.ActiveCfg = Release|Any CPU
		{3FCD5446-4BB6-4C03-A789-A6C8CB933FFC}.Release|x64.Build.0 = Release|Any CPU
		{3FCD5446-4BB6-4C03-A789-A6C8CB933FFC}.Release|x64.Deploy.0 = Release|Any CPU
		{3FCD5446-4BB6-4C03-A789-A6C8CB933FFC}.Release|x86.ActiveCfg = Release|Any CPU
		{3FCD5446-4BB6-4C03-A789-A6C8CB933FFC}.Release|x86.Build.0 = Release|Any CPU
		{3FCD5446-4BB6-4C03-A789-A6C8CB933FFC}.Release|x86.Deploy.0 = Release|Any CPU
		{29F28696-613C-4BCE-8F57-CCA12D427442}.Ad-Hoc|Any CPU.ActiveCfg = Ad-Hoc|iPhone
		{29F28696-613C-4BCE-8F57-CCA12D427442}.Ad-Hoc|Any CPU.Build.0 = Ad-Hoc|iPhone
		{29F28696-613C-4BCE-8F57-CCA12D427442}.Ad-Hoc|Any CPU.Deploy.0 = Ad-Hoc|iPhone
		{29F28696-613C-4BCE-8F57-CCA12D427442}.Ad-Hoc|ARM.ActiveCfg = Ad-Hoc|iPhone
		{29F28696-613C-4BCE-8F57-CCA12D427442}.Ad-Hoc|ARM.Build.0 = Ad-Hoc|iPhone
		{29F28696-613C-4BCE-8F57-CCA12D427442}.Ad-Hoc|ARM.Deploy.0 = Ad-Hoc|iPhone
		{29F28696-613C-4BCE-8F57-CCA12D427442}.Ad-Hoc|iPhone.ActiveCfg = Ad-Hoc|iPhone
		{29F28696-613C-4BCE-8F57-CCA12D427442}.Ad-Hoc|iPhone.Build.0 = Ad-Hoc|iPhone
		{29F28696-613C-4BCE-8F57-CCA12D427442}.Ad-Hoc|iPhone.Deploy.0 = Ad-Hoc|iPhone
		{29F28696-613C-4BCE-8F57-CCA12D427442}.Ad-Hoc|iPhoneSimulator.ActiveCfg = Ad-Hoc|iPhoneSimulator
		{29F28696-613C-4BCE-8F57-CCA12D427442}.Ad-Hoc|iPhoneSimulator.Build.0 = Ad-Hoc|iPhoneSimulator
		{29F28696-613C-4BCE-8F57-CCA12D427442}.Ad-Hoc|iPhoneSimulator.Deploy.0 = Ad-Hoc|iPhoneSimulator
		{29F28696-613C-4BCE-8F57-CCA12D427442}.Ad-Hoc|x64.ActiveCfg = Ad-Hoc|iPhone
		{29F28696-613C-4BCE-8F57-CCA12D427442}.Ad-Hoc|x64.Build.0 = Ad-Hoc|iPhone
		{29F28696-613C-4BCE-8F57-CCA12D427442}.Ad-Hoc|x64.Deploy.0 = Ad-Hoc|iPhone
		{29F28696-613C-4BCE-8F57-CCA12D427442}.Ad-Hoc|x86.ActiveCfg = Ad-Hoc|iPhone
		{29F28696-613C-4BCE-8F57-CCA12D427442}.Ad-Hoc|x86.Build.0 = Ad-Hoc|iPhone
		{29F28696-613C-4BCE-8F57-CCA12D427442}.Ad-Hoc|x86.Deploy.0 = Ad-Hoc|iPhone
		{29F28696-613C-4BCE-8F57-CCA12D427442}.AppStore|Any CPU.ActiveCfg = AppStore|iPhone
		{29F28696-613C-4BCE-8F57-CCA12D427442}.AppStore|Any CPU.Build.0 = AppStore|iPhone
		{29F28696-613C-4BCE-8F57-CCA12D427442}.AppStore|Any CPU.Deploy.0 = AppStore|iPhone
		{29F28696-613C-4BCE-8F57-CCA12D427442}.AppStore|ARM.ActiveCfg = AppStore|iPhone
		{29F28696-613C-4BCE-8F57-CCA12D427442}.AppStore|ARM.Build.0 = AppStore|iPhone
		{29F28696-613C-4BCE-8F57-CCA12D427442}.AppStore|ARM.Deploy.0 = AppStore|iPhone
		{29F28696-613C-4BCE-8F57-CCA12D427442}.AppStore|iPhone.ActiveCfg = AppStore|iPhone
		{29F28696-613C-4BCE-8F57-CCA12D427442}.AppStore|iPhone.Build.0 = AppStore|iPhone
		{29F28696-613C-4BCE-8F57-CCA12D427442}.AppStore|iPhone.Deploy.0 = AppStore|iPhone
		{29F28696-613C-4BCE-8F57-CCA12D427442}.AppStore|iPhoneSimulator.ActiveCfg = AppStore|iPhoneSimulator
		{29F28696-613C-4BCE-8F57-CCA12D427442}.AppStore|iPhoneSimulator.Build.0 = AppStore|iPhoneSimulator
		{29F28696-613C-4BCE-8F57-CCA12D427442}.AppStore|iPhoneSimulator.Deploy.0 = AppStore|iPhoneSimulator
		{29F28696-613C-4BCE-8F57-CCA12D427442}.AppStore|x64.ActiveCfg = AppStore|iPhone
		{29F28696-613C-4BCE-8F57-CCA12D427442}.AppStore|x64.Build.0 = AppStore|iPhone
		{29F28696-613C-4BCE-8F57-CCA12D427442}.AppStore|x64.Deploy.0 = AppStore|iPhone
		{29F28696-613C-4BCE-8F57-CCA12D427442}.AppStore|x86.ActiveCfg = AppStore|iPhone
		{29F28696-613C-4BCE-8F57-CCA12D427442}.AppStore|x86.Build.0 = AppStore|iPhone
		{29F28696-613C-4BCE-8F57-CCA12D427442}.AppStore|x86.Deploy.0 = AppStore|iPhone
		{29F28696-613C-4BCE-8F57-CCA12D427442}.Debug|Any CPU.ActiveCfg = Debug|iPhoneSimulator
		{29F28696-613C-4BCE-8F57-CCA12D427442}.Debug|Any CPU.Build.0 = Debug|iPhoneSimulator
		{29F28696-613C-4BCE-8F57-CCA12D427442}.Debug|Any CPU.Deploy.0 = Debug|iPhoneSimulator
		{29F28696-613C-4BCE-8F57-CCA12D427442}.Debug|ARM.ActiveCfg = Debug|iPhone
		{29F28696-613C-4BCE-8F57-CCA12D427442}.Debug|ARM.Build.0 = Debug|iPhone
		{29F28696-613C-4BCE-8F57-CCA12D427442}.Debug|ARM.Deploy.0 = Debug|iPhone
		{29F28696-613C-4BCE-8F57-CCA12D427442}.Debug|iPhone.ActiveCfg = Debug|iPhone
		{29F28696-613C-4BCE-8F57-CCA12D427442}.Debug|iPhone.Build.0 = Debug|iPhone
		{29F28696-613C-4BCE-8F57-CCA12D427442}.Debug|iPhone.Deploy.0 = Debug|iPhone
		{29F28696-613C-4BCE-8F57-CCA12D427442}.Debug|iPhoneSimulator.ActiveCfg = Debug|iPhoneSimulator
		{29F28696-613C-4BCE-8F57-CCA12D427442}.Debug|iPhoneSimulator.Build.0 = Debug|iPhoneSimulator
		{29F28696-613C-4BCE-8F57-CCA12D427442}.Debug|iPhoneSimulator.Deploy.0 = Debug|iPhoneSimulator
		{29F28696-613C-4BCE-8F57-CCA12D427442}.Debug|x64.ActiveCfg = Debug|iPhone
		{29F28696-613C-4BCE-8F57-CCA12D427442}.Debug|x64.Build.0 = Debug|iPhone
		{29F28696-613C-4BCE-8F57-CCA12D427442}.Debug|x64.Deploy.0 = Debug|iPhone
		{29F28696-613C-4BCE-8F57-CCA12D427442}.Debug|x86.ActiveCfg = Debug|iPhone
		{29F28696-613C-4BCE-8F57-CCA12D427442}.Debug|x86.Build.0 = Debug|iPhone
		{29F28696-613C-4BCE-8F57-CCA12D427442}.Debug|x86.Deploy.0 = Debug|iPhone
		{29F28696-613C-4BCE-8F57-CCA12D427442}.Release|Any CPU.ActiveCfg = Release|iPhone
		{29F28696-613C-4BCE-8F57-CCA12D427442}.Release|Any CPU.Build.0 = Release|iPhone
		{29F28696-613C-4BCE-8F57-CCA12D427442}.Release|Any CPU.Deploy.0 = Release|iPhone
		{29F28696-613C-4BCE-8F57-CCA12D427442}.Release|ARM.ActiveCfg = Release|iPhone
		{29F28696-613C-4BCE-8F57-CCA12D427442}.Release|ARM.Build.0 = Release|iPhone
		{29F28696-613C-4BCE-8F57-CCA12D427442}.Release|ARM.Deploy.0 = Release|iPhone
		{29F28696-613C-4BCE-8F57-CCA12D427442}.Release|iPhone.ActiveCfg = Release|iPhone
		{29F28696-613C-4BCE-8F57-CCA12D427442}.Release|iPhone.Build.0 = Release|iPhone
		{29F28696-613C-4BCE-8F57-CCA12D427442}.Release|iPhone.Deploy.0 = Release|iPhone
		{29F28696-613C-4BCE-8F57-CCA12D427442}.Release|iPhoneSimulator.ActiveCfg = Release|iPhoneSimulator
		{29F28696-613C-4BCE-8F57-CCA12D427442}.Release|iPhoneSimulator.Build.0 = Release|iPhoneSimulator
		{29F28696-613C-4BCE-8F57-CCA12D427442}.Release|iPhoneSimulator.Deploy.0 = Release|iPhoneSimulator
		{29F28696-613C-4BCE-8F57-CCA12D427442}.Release|x64.ActiveCfg = Release|iPhone
		{29F28696-613C-4BCE-8F57-CCA12D427442}.Release|x64.Build.0 = Release|iPhone
		{29F28696-613C-4BCE-8F57-CCA12D427442}.Release|x64.Deploy.0 = Release|iPhone
		{29F28696-613C-4BCE-8F57-CCA12D427442}.Release|x86.ActiveCfg = Release|iPhone
		{29F28696-613C-4BCE-8F57-CCA12D427442}.Release|x86.Build.0 = Release|iPhone
		{29F28696-613C-4BCE-8F57-CCA12D427442}.Release|x86.Deploy.0 = Release|iPhone
		{D07B29F6-2CE5-452D-B5D6-910931E64E73}.Ad-Hoc|Any CPU.ActiveCfg = Release|x86
		{D07B29F6-2CE5-452D-B5D6-910931E64E73}.Ad-Hoc|Any CPU.Build.0 = Release|x86
		{D07B29F6-2CE5-452D-B5D6-910931E64E73}.Ad-Hoc|Any CPU.Deploy.0 = Release|x86
		{D07B29F6-2CE5-452D-B5D6-910931E64E73}.Ad-Hoc|ARM.ActiveCfg = Release|ARM
		{D07B29F6-2CE5-452D-B5D6-910931E64E73}.Ad-Hoc|ARM.Build.0 = Release|ARM
		{D07B29F6-2CE5-452D-B5D6-910931E64E73}.Ad-Hoc|ARM.Deploy.0 = Release|ARM
		{D07B29F6-2CE5-452D-B5D6-910931E64E73}.Ad-Hoc|iPhone.ActiveCfg = Release|x86
		{D07B29F6-2CE5-452D-B5D6-910931E64E73}.Ad-Hoc|iPhone.Build.0 = Release|x86
		{D07B29F6-2CE5-452D-B5D6-910931E64E73}.Ad-Hoc|iPhone.Deploy.0 = Release|x86
		{D07B29F6-2CE5-452D-B5D6-910931E64E73}.Ad-Hoc|iPhoneSimulator.ActiveCfg = Release|x86
		{D07B29F6-2CE5-452D-B5D6-910931E64E73}.Ad-Hoc|iPhoneSimulator.Build.0 = Release|x86
		{D07B29F6-2CE5-452D-B5D6-910931E64E73}.Ad-Hoc|iPhoneSimulator.Deploy.0 = Release|x86
		{D07B29F6-2CE5-452D-B5D6-910931E64E73}.Ad-Hoc|x64.ActiveCfg = Release|x64
		{D07B29F6-2CE5-452D-B5D6-910931E64E73}.Ad-Hoc|x64.Build.0 = Release|x64
		{D07B29F6-2CE5-452D-B5D6-910931E64E73}.Ad-Hoc|x64.Deploy.0 = Release|x64
		{D07B29F6-2CE5-452D-B5D6-910931E64E73}.Ad-Hoc|x86.ActiveCfg = Release|x86
		{D07B29F6-2CE5-452D-B5D6-910931E64E73}.Ad-Hoc|x86.Build.0 = Release|x86
		{D07B29F6-2CE5-452D-B5D6-910931E64E73}.Ad-Hoc|x86.Deploy.0 = Release|x86
		{D07B29F6-2CE5-452D-B5D6-910931E64E73}.AppStore|Any CPU.ActiveCfg = Release|x86
		{D07B29F6-2CE5-452D-B5D6-910931E64E73}.AppStore|Any CPU.Build.0 = Release|x86
		{D07B29F6-2CE5-452D-B5D6-910931E64E73}.AppStore|Any CPU.Deploy.0 = Release|x86
		{D07B29F6-2CE5-452D-B5D6-910931E64E73}.AppStore|ARM.ActiveCfg = Release|ARM
		{D07B29F6-2CE5-452D-B5D6-910931E64E73}.AppStore|ARM.Build.0 = Release|ARM
		{D07B29F6-2CE5-452D-B5D6-910931E64E73}.AppStore|ARM.Deploy.0 = Release|ARM
		{D07B29F6-2CE5-452D-B5D6-910931E64E73}.AppStore|iPhone.ActiveCfg = Release|x86
		{D07B29F6-2CE5-452D-B5D6-910931E64E73}.AppStore|iPhone.Build.0 = Release|x86
		{D07B29F6-2CE5-452D-B5D6-910931E64E73}.AppStore|iPhone.Deploy.0 = Release|x86
		{D07B29F6-2CE5-452D-B5D6-910931E64E73}.AppStore|iPhoneSimulator.ActiveCfg = Release|x86
		{D07B29F6-2CE5-452D-B5D6-910931E64E73}.AppStore|iPhoneSimulator.Build.0 = Release|x86
		{D07B29F6-2CE5-452D-B5D6-910931E64E73}.AppStore|iPhoneSimulator.Deploy.0 = Release|x86
		{D07B29F6-2CE5-452D-B5D6-910931E64E73}.AppStore|x64.ActiveCfg = Release|x64
		{D07B29F6-2CE5-452D-B5D6-910931E64E73}.AppStore|x64.Build.0 = Release|x64
		{D07B29F6-2CE5-452D-B5D6-910931E64E73}.AppStore|x64.Deploy.0 = Release|x64
		{D07B29F6-2CE5-452D-B5D6-910931E64E73}.AppStore|x86.ActiveCfg = Release|x86
		{D07B29F6-2CE5-452D-B5D6-910931E64E73}.AppStore|x86.Build.0 = Release|x86
		{D07B29F6-2CE5-452D-B5D6-910931E64E73}.AppStore|x86.Deploy.0 = Release|x86
		{D07B29F6-2CE5-452D-B5D6-910931E64E73}.Debug|Any CPU.ActiveCfg = Debug|x86
		{D07B29F6-2CE5-452D-B5D6-910931E64E73}.Debug|Any CPU.Build.0 = Debug|x86
		{D07B29F6-2CE5-452D-B5D6-910931E64E73}.Debug|Any CPU.Deploy.0 = Debug|x86
		{D07B29F6-2CE5-452D-B5D6-910931E64E73}.Debug|ARM.ActiveCfg = Debug|ARM
		{D07B29F6-2CE5-452D-B5D6-910931E64E73}.Debug|ARM.Build.0 = Debug|ARM
		{D07B29F6-2CE5-452D-B5D6-910931E64E73}.Debug|ARM.Deploy.0 = Debug|ARM
		{D07B29F6-2CE5-452D-B5D6-910931E64E73}.Debug|iPhone.ActiveCfg = Debug|x86
		{D07B29F6-2CE5-452D-B5D6-910931E64E73}.Debug|iPhone.Build.0 = Debug|x86
		{D07B29F6-2CE5-452D-B5D6-910931E64E73}.Debug|iPhone.Deploy.0 = Debug|x86
		{D07B29F6-2CE5-452D-B5D6-910931E64E73}.Debug|iPhoneSimulator.ActiveCfg = Debug|x86
		{D07B29F6-2CE5-452D-B5D6-910931E64E73}.Debug|iPhoneSimulator.Build.0 = Debug|x86
		{D07B29F6-2CE5-452D-B5D6-910931E64E73}.Debug|iPhoneSimulator.Deploy.0 = Debug|x86
		{D07B29F6-2CE5-452D-B5D6-910931E64E73}.Debug|x64.ActiveCfg = Debug|x64
		{D07B29F6-2CE5-452D-B5D6-910931E64E73}.Debug|x64.Build.0 = Debug|x64
		{D07B29F6-2CE5-452D-B5D6-910931E64E73}.Debug|x64.Deploy.0 = Debug|x64
		{D07B29F6-2CE5-452D-B5D6-910931E64E73}.Debug|x86.ActiveCfg = Debug|x86
		{D07B29F6-2CE5-452D-B5D6-910931E64E73}.Debug|x86.Build.0 = Debug|x86
		{D07B29F6-2CE5-452D-B5D6-910931E64E73}.Debug|x86.Deploy.0 = Debug|x86
		{D07B29F6-2CE5-452D-B5D6-910931E64E73}.Release|Any CPU.ActiveCfg = Release|x86
		{D07B29F6-2CE5-452D-B5D6-910931E64E73}.Release|Any CPU.Build.0 = Release|x86
		{D07B29F6-2CE5-452D-B5D6-910931E64E73}.Release|Any CPU.Deploy.0 = Release|x86
		{D07B29F6-2CE5-452D-B5D6-910931E64E73}.Release|ARM.ActiveCfg = Release|ARM
		{D07B29F6-2CE5-452D-B5D6-910931E64E73}.Release|ARM.Build.0 = Release|ARM
		{D07B29F6-2CE5-452D-B5D6-910931E64E73}.Release|ARM.Deploy.0 = Release|ARM
		{D07B29F6-2CE5-452D-B5D6-910931E64E73}.Release|iPhone.ActiveCfg = Release|x86
		{D07B29F6-2CE5-452D-B5D6-910931E64E73}.Release|iPhone.Build.0 = Release|x86
		{D07B29F6-2CE5-452D-B5D6-910931E64E73}.Release|iPhone.Deploy.0 = Release|x86
		{D07B29F6-2CE5-452D-B5D6-910931E64E73}.Release|iPhoneSimulator.ActiveCfg = Release|x86
		{D07B29F6-2CE5-452D-B5D6-910931E64E73}.Release|iPhoneSimulator.Build.0 = Release|x86
		{D07B29F6-2CE5-452D-B5D6-910931E64E73}.Release|iPhoneSimulator.Deploy.0 = Release|x86
		{D07B29F6-2CE5-452D-B5D6-910931E64E73}.Release|x64.ActiveCfg = Release|x64
		{D07B29F6-2CE5-452D-B5D6-910931E64E73}.Release|x64.Build.0 = Release|x64
		{D07B29F6-2CE5-452D-B5D6-910931E64E73}.Release|x64.Deploy.0 = Release|x64
		{D07B29F6-2CE5-452D-B5D6-910931E64E73}.Release|x86.ActiveCfg = Release|x86
		{D07B29F6-2CE5-452D-B5D6-910931E64E73}.Release|x86.Build.0 = Release|x86
		{D07B29F6-2CE5-452D-B5D6-910931E64E73}.Release|x86.Deploy.0 = Release|x86
		{EF44CC3B-8871-4C2F-A170-86EE119128C0}.Ad-Hoc|Any CPU.ActiveCfg = Debug|Any CPU
		{EF44CC3B-8871-4C2F-A170-86EE119128C0}.Ad-Hoc|Any CPU.Build.0 = Debug|Any CPU
		{EF44CC3B-8871-4C2F-A170-86EE119128C0}.Ad-Hoc|Any CPU.Deploy.0 = Debug|Any CPU
		{EF44CC3B-8871-4C2F-A170-86EE119128C0}.Ad-Hoc|ARM.ActiveCfg = Debug|Any CPU
		{EF44CC3B-8871-4C2F-A170-86EE119128C0}.Ad-Hoc|ARM.Build.0 = Debug|Any CPU
		{EF44CC3B-8871-4C2F-A170-86EE119128C0}.Ad-Hoc|ARM.Deploy.0 = Debug|Any CPU
		{EF44CC3B-8871-4C2F-A170-86EE119128C0}.Ad-Hoc|iPhone.ActiveCfg = Debug|Any CPU
		{EF44CC3B-8871-4C2F-A170-86EE119128C0}.Ad-Hoc|iPhone.Build.0 = Debug|Any CPU
		{EF44CC3B-8871-4C2F-A170-86EE119128C0}.Ad-Hoc|iPhone.Deploy.0 = Debug|Any CPU
		{EF44CC3B-8871-4C2F-A170-86EE119128C0}.Ad-Hoc|iPhoneSimulator.ActiveCfg = Debug|Any CPU
		{EF44CC3B-8871-4C2F-A170-86EE119128C0}.Ad-Hoc|iPhoneSimulator.Build.0 = Debug|Any CPU
		{EF44CC3B-8871-4C2F-A170-86EE119128C0}.Ad-Hoc|iPhoneSimulator.Deploy.0 = Debug|Any CPU
		{EF44CC3B-8871-4C2F-A170-86EE119128C0}.Ad-Hoc|x64.ActiveCfg = Debug|Any CPU
		{EF44CC3B-8871-4C2F-A170-86EE119128C0}.Ad-Hoc|x64.Build.0 = Debug|Any CPU
		{EF44CC3B-8871-4C2F-A170-86EE119128C0}.Ad-Hoc|x64.Deploy.0 = Debug|Any CPU
		{EF44CC3B-8871-4C2F-A170-86EE119128C0}.Ad-Hoc|x86.ActiveCfg = Debug|Any CPU
		{EF44CC3B-8871-4C2F-A170-86EE119128C0}.Ad-Hoc|x86.Build.0 = Debug|Any CPU
		{EF44CC3B-8871-4C2F-A170-86EE119128C0}.Ad-Hoc|x86.Deploy.0 = Debug|Any CPU
		{EF44CC3B-8871-4C2F-A170-86EE119128C0}.AppStore|Any CPU.ActiveCfg = Debug|Any CPU
		{EF44CC3B-8871-4C2F-A170-86EE119128C0}.AppStore|Any CPU.Build.0 = Debug|Any CPU
		{EF44CC3B-8871-4C2F-A170-86EE119128C0}.AppStore|Any CPU.Deploy.0 = Debug|Any CPU
		{EF44CC3B-8871-4C2F-A170-86EE119128C0}.AppStore|ARM.ActiveCfg = Debug|Any CPU
		{EF44CC3B-8871-4C2F-A170-86EE119128C0}.AppStore|ARM.Build.0 = Debug|Any CPU
		{EF44CC3B-8871-4C2F-A170-86EE119128C0}.AppStore|ARM.Deploy.0 = Debug|Any CPU
		{EF44CC3B-8871-4C2F-A170-86EE119128C0}.AppStore|iPhone.ActiveCfg = Debug|Any CPU
		{EF44CC3B-8871-4C2F-A170-86EE119128C0}.AppStore|iPhone.Build.0 = Debug|Any CPU
		{EF44CC3B-8871-4C2F-A170-86EE119128C0}.AppStore|iPhone.Deploy.0 = Debug|Any CPU
		{EF44CC3B-8871-4C2F-A170-86EE119128C0}.AppStore|iPhoneSimulator.ActiveCfg = Debug|Any CPU
		{EF44CC3B-8871-4C2F-A170-86EE119128C0}.AppStore|iPhoneSimulator.Build.0 = Debug|Any CPU
		{EF44CC3B-8871-4C2F-A170-86EE119128C0}.AppStore|iPhoneSimulator.Deploy.0 = Debug|Any CPU
		{EF44CC3B-8871-4C2F-A170-86EE119128C0}.AppStore|x64.ActiveCfg = Debug|Any CPU
		{EF44CC3B-8871-4C2F-A170-86EE119128C0}.AppStore|x64.Build.0 = Debug|Any CPU
		{EF44CC3B-8871-4C2F-A170-86EE119128C0}.AppStore|x64.Deploy.0 = Debug|Any CPU
		{EF44CC3B-8871-4C2F-A170-86EE119128C0}.AppStore|x86.ActiveCfg = Debug|Any CPU
		{EF44CC3B-8871-4C2F-A170-86EE119128C0}.AppStore|x86.Build.0 = Debug|Any CPU
		{EF44CC3B-8871-4C2F-A170-86EE119128C0}.AppStore|x86.Deploy.0 = Debug|Any CPU
		{EF44CC3B-8871-4C2F-A170-86EE119128C0}.Debug|Any CPU.ActiveCfg = Debug|Any CPU
		{EF44CC3B-8871-4C2F-A170-86EE119128C0}.Debug|Any CPU.Build.0 = Debug|Any CPU
		{EF44CC3B-8871-4C2F-A170-86EE119128C0}.Debug|Any CPU.Deploy.0 = Debug|Any CPU
		{EF44CC3B-8871-4C2F-A170-86EE119128C0}.Debug|ARM.ActiveCfg = Debug|Any CPU
		{EF44CC3B-8871-4C2F-A170-86EE119128C0}.Debug|ARM.Build.0 = Debug|Any CPU
		{EF44CC3B-8871-4C2F-A170-86EE119128C0}.Debug|ARM.Deploy.0 = Debug|Any CPU
		{EF44CC3B-8871-4C2F-A170-86EE119128C0}.Debug|iPhone.ActiveCfg = Debug|Any CPU
		{EF44CC3B-8871-4C2F-A170-86EE119128C0}.Debug|iPhone.Build.0 = Debug|Any CPU
		{EF44CC3B-8871-4C2F-A170-86EE119128C0}.Debug|iPhone.Deploy.0 = Debug|Any CPU
		{EF44CC3B-8871-4C2F-A170-86EE119128C0}.Debug|iPhoneSimulator.ActiveCfg = Debug|Any CPU
		{EF44CC3B-8871-4C2F-A170-86EE119128C0}.Debug|iPhoneSimulator.Build.0 = Debug|Any CPU
		{EF44CC3B-8871-4C2F-A170-86EE119128C0}.Debug|iPhoneSimulator.Deploy.0 = Debug|Any CPU
		{EF44CC3B-8871-4C2F-A170-86EE119128C0}.Debug|x64.ActiveCfg = Debug|Any CPU
		{EF44CC3B-8871-4C2F-A170-86EE119128C0}.Debug|x64.Build.0 = Debug|Any CPU
		{EF44CC3B-8871-4C2F-A170-86EE119128C0}.Debug|x64.Deploy.0 = Debug|Any CPU
		{EF44CC3B-8871-4C2F-A170-86EE119128C0}.Debug|x86.ActiveCfg = Debug|Any CPU
		{EF44CC3B-8871-4C2F-A170-86EE119128C0}.Debug|x86.Build.0 = Debug|Any CPU
		{EF44CC3B-8871-4C2F-A170-86EE119128C0}.Debug|x86.Deploy.0 = Debug|Any CPU
		{EF44CC3B-8871-4C2F-A170-86EE119128C0}.Release|Any CPU.ActiveCfg = Release|Any CPU
		{EF44CC3B-8871-4C2F-A170-86EE119128C0}.Release|Any CPU.Build.0 = Release|Any CPU
		{EF44CC3B-8871-4C2F-A170-86EE119128C0}.Release|Any CPU.Deploy.0 = Release|Any CPU
		{EF44CC3B-8871-4C2F-A170-86EE119128C0}.Release|ARM.ActiveCfg = Release|Any CPU
		{EF44CC3B-8871-4C2F-A170-86EE119128C0}.Release|ARM.Build.0 = Release|Any CPU
		{EF44CC3B-8871-4C2F-A170-86EE119128C0}.Release|ARM.Deploy.0 = Release|Any CPU
		{EF44CC3B-8871-4C2F-A170-86EE119128C0}.Release|iPhone.ActiveCfg = Release|Any CPU
		{EF44CC3B-8871-4C2F-A170-86EE119128C0}.Release|iPhone.Build.0 = Release|Any CPU
		{EF44CC3B-8871-4C2F-A170-86EE119128C0}.Release|iPhone.Deploy.0 = Release|Any CPU
		{EF44CC3B-8871-4C2F-A170-86EE119128C0}.Release|iPhoneSimulator.ActiveCfg = Release|Any CPU
		{EF44CC3B-8871-4C2F-A170-86EE119128C0}.Release|iPhoneSimulator.Build.0 = Release|Any CPU
		{EF44CC3B-8871-4C2F-A170-86EE119128C0}.Release|iPhoneSimulator.Deploy.0 = Release|Any CPU
		{EF44CC3B-8871-4C2F-A170-86EE119128C0}.Release|x64.ActiveCfg = Release|Any CPU
		{EF44CC3B-8871-4C2F-A170-86EE119128C0}.Release|x64.Build.0 = Release|Any CPU
		{EF44CC3B-8871-4C2F-A170-86EE119128C0}.Release|x64.Deploy.0 = Release|Any CPU
		{EF44CC3B-8871-4C2F-A170-86EE119128C0}.Release|x86.ActiveCfg = Release|Any CPU
		{EF44CC3B-8871-4C2F-A170-86EE119128C0}.Release|x86.Build.0 = Release|Any CPU
		{EF44CC3B-8871-4C2F-A170-86EE119128C0}.Release|x86.Deploy.0 = Release|Any CPU
	EndGlobalSection
	GlobalSection(SolutionProperties) = preSolution
		HideSolutionNode = FALSE
	EndGlobalSection
	GlobalSection(ExtensibilityGlobals) = postSolution
		SolutionGuid = {9539635A-D1B5-45DE-A731-38E8171BE7F3}
	EndGlobalSection
EndGlobal
